
Microsoft Visual Studio Solution File, Format Version 12.00
Project("{FAE04EC0-301F-11D3-BF4B-00C04F79EFBC}") = "WebApplication1", "WebApplication1\WebApplication1.csproj", "{EBE27A59-D9BD-4F36-B9B4-46851D629BD6}"
EndProject
Project("{FAE04EC0-301F-11D3-BF4B-00C04F79EFBC}") = "HotelDBLibrary", "..\..\OneDrive\Skrivebord\HotelDBLibrary\HotelDBLibrary.csproj", "{B077D5D9-CDC4-4357-895A-BFDE6C90CF7B}"
EndProject
Global
	GlobalSection(SolutionConfigurationPlatforms) = preSolution
		Debug|Any CPU = Debug|Any CPU
		Release|Any CPU = Release|Any CPU
	EndGlobalSection
	GlobalSection(ProjectConfigurationPlatforms) = postSolution
		{EBE27A59-D9BD-4F36-B9B4-46851D629BD6}.Debug|Any CPU.ActiveCfg = Debug|Any CPU
		{EBE27A59-D9BD-4F36-B9B4-46851D629BD6}.Debug|Any CPU.Build.0 = Debug|Any CPU
		{EBE27A59-D9BD-4F36-B9B4-46851D629BD6}.Release|Any CPU.ActiveCfg = Release|Any CPU
		{EBE27A59-D9BD-4F36-B9B4-46851D629BD6}.Release|Any CPU.Build.0 = Release|Any CPU
		{B077D5D9-CDC4-4357-895A-BFDE6C90CF7B}.Debug|Any CPU.ActiveCfg = Debug|Any CPU
		{B077D5D9-CDC4-4357-895A-BFDE6C90CF7B}.Debug|Any CPU.Build.0 = Debug|Any CPU
		{B077D5D9-CDC4-4357-895A-BFDE6C90CF7B}.Release|Any CPU.ActiveCfg = Release|Any CPU
		{B077D5D9-CDC4-4357-895A-BFDE6C90CF7B}.Release|Any CPU.Build.0 = Release|Any CPU
	EndGlobalSection
EndGlobal
